
Microsoft Visual Studio Solution File, Format Version 12.00
# Visual Studio 14
VisualStudioVersion = 14.0.25420.1
MinimumVisualStudioVersion = 10.0.40219.1
Project("{FAE04EC0-301F-11D3-BF4B-00C04F79EFBC}") = "Aula1", "Aula1\Aula1.csproj", "{1123FABE-7735-4D78-9C13-D64B8694E3F2}"
EndProject
Project("{2150E333-8FDC-42A3-9474-1A3956D46DE8}") = "Data", "Data", "{5A2F28F9-43F5-4ECE-B543-9E55AEE514AE}"
	ProjectSection(SolutionItems) = preProject
		Data\AluraTunes.sql = Data\AluraTunes.sql
		Data\AluraTunes.xml = Data\AluraTunes.xml
		Data\LICENSE.txt = Data\LICENSE.txt
	EndProjectSection
EndProject
Project("{FAE04EC0-301F-11D3-BF4B-00C04F79EFBC}") = "Aula2", "Aula2\Aula2.csproj", "{6DD17276-BA1C-46D0-B9D5-A5270E8EBC79}"
EndProject
Project("{FAE04EC0-301F-11D3-BF4B-00C04F79EFBC}") = "AluraTunesEF", "AluraTunesEF\AluraTunesEF.csproj", "{98D9F89D-CD55-4CC1-AA8E-E7E723687650}"
EndProject
Project("{FAE04EC0-301F-11D3-BF4B-00C04F79EFBC}") = "Aula3", "Aula3\Aula3.csproj", "{E8D9A777-2EF1-4226-B170-FF8F6F105B37}"
EndProject
Project("{FAE04EC0-301F-11D3-BF4B-00C04F79EFBC}") = "Aula4", "Aula4\Aula4.csproj", "{670DA48B-2D04-424D-8544-6C0984FDC282}"
EndProject
Project("{FAE04EC0-301F-11D3-BF4B-00C04F79EFBC}") = "Aula5", "Aula5\Aula5.csproj", "{764221C5-5E98-4125-8966-5BC358E0CB9F}"
EndProject
Project("{FAE04EC0-301F-11D3-BF4B-00C04F79EFBC}") = "Aula6", "Aula6\Aula6.csproj", "{ADAC0152-9E1A-4253-9698-923568AC73C4}"
EndProject
Project("{FAE04EC0-301F-11D3-BF4B-00C04F79EFBC}") = "Aula7", "Aula7\Aula7.csproj", "{554563E1-6909-41B7-B689-86EC10C963BF}"
EndProject
Global
	GlobalSection(SolutionConfigurationPlatforms) = preSolution
		Debug|Any CPU = Debug|Any CPU
		Release|Any CPU = Release|Any CPU
	EndGlobalSection
	GlobalSection(ProjectConfigurationPlatforms) = postSolution
		{1123FABE-7735-4D78-9C13-D64B8694E3F2}.Debug|Any CPU.ActiveCfg = Debug|Any CPU
		{1123FABE-7735-4D78-9C13-D64B8694E3F2}.Debug|Any CPU.Build.0 = Debug|Any CPU
		{1123FABE-7735-4D78-9C13-D64B8694E3F2}.Release|Any CPU.ActiveCfg = Release|Any CPU
		{1123FABE-7735-4D78-9C13-D64B8694E3F2}.Release|Any CPU.Build.0 = Release|Any CPU
		{6DD17276-BA1C-46D0-B9D5-A5270E8EBC79}.Debug|Any CPU.ActiveCfg = Debug|Any CPU
		{6DD17276-BA1C-46D0-B9D5-A5270E8EBC79}.Debug|Any CPU.Build.0 = Debug|Any CPU
		{6DD17276-BA1C-46D0-B9D5-A5270E8EBC79}.Release|Any CPU.ActiveCfg = Release|Any CPU
		{6DD17276-BA1C-46D0-B9D5-A5270E8EBC79}.Release|Any CPU.Build.0 = Release|Any CPU
		{98D9F89D-CD55-4CC1-AA8E-E7E723687650}.Debug|Any CPU.ActiveCfg = Debug|Any CPU
		{98D9F89D-CD55-4CC1-AA8E-E7E723687650}.Debug|Any CPU.Build.0 = Debug|Any CPU
		{98D9F89D-CD55-4CC1-AA8E-E7E723687650}.Release|Any CPU.ActiveCfg = Release|Any CPU
		{98D9F89D-CD55-4CC1-AA8E-E7E723687650}.Release|Any CPU.Build.0 = Release|Any CPU
		{E8D9A777-2EF1-4226-B170-FF8F6F105B37}.Debug|Any CPU.ActiveCfg = Debug|Any CPU
		{E8D9A777-2EF1-4226-B170-FF8F6F105B37}.Debug|Any CPU.Build.0 = Debug|Any CPU
		{E8D9A777-2EF1-4226-B170-FF8F6F105B37}.Release|Any CPU.ActiveCfg = Release|Any CPU
		{E8D9A777-2EF1-4226-B170-FF8F6F105B37}.Release|Any CPU.Build.0 = Release|Any CPU
		{670DA48B-2D04-424D-8544-6C0984FDC282}.Debug|Any CPU.ActiveCfg = Debug|Any CPU
		{670DA48B-2D04-424D-8544-6C0984FDC282}.Debug|Any CPU.Build.0 = Debug|Any CPU
		{670DA48B-2D04-424D-8544-6C0984FDC282}.Release|Any CPU.ActiveCfg = Release|Any CPU
		{670DA48B-2D04-424D-8544-6C0984FDC282}.Release|Any CPU.Build.0 = Release|Any CPU
		{764221C5-5E98-4125-8966-5BC358E0CB9F}.Debug|Any CPU.ActiveCfg = Debug|Any CPU
		{764221C5-5E98-4125-8966-5BC358E0CB9F}.Debug|Any CPU.Build.0 = Debug|Any CPU
		{764221C5-5E98-4125-8966-5BC358E0CB9F}.Release|Any CPU.ActiveCfg = Release|Any CPU
		{764221C5-5E98-4125-8966-5BC358E0CB9F}.Release|Any CPU.Build.0 = Release|Any CPU
		{ADAC0152-9E1A-4253-9698-923568AC73C4}.Debug|Any CPU.ActiveCfg = Debug|Any CPU
		{ADAC0152-9E1A-4253-9698-923568AC73C4}.Debug|Any CPU.Build.0 = Debug|Any CPU
		{ADAC0152-9E1A-4253-9698-923568AC73C4}.Release|Any CPU.ActiveCfg = Release|Any CPU
		{ADAC0152-9E1A-4253-9698-923568AC73C4}.Release|Any CPU.Build.0 = Release|Any CPU
		{554563E1-6909-41B7-B689-86EC10C963BF}.Debug|Any CPU.ActiveCfg = Debug|Any CPU
		{554563E1-6909-41B7-B689-86EC10C963BF}.Debug|Any CPU.Build.0 = Debug|Any CPU
		{554563E1-6909-41B7-B689-86EC10C963BF}.Release|Any CPU.ActiveCfg = Release|Any CPU
		{554563E1-6909-41B7-B689-86EC10C963BF}.Release|Any CPU.Build.0 = Release|Any CPU
	EndGlobalSection
	GlobalSection(SolutionProperties) = preSolution
		HideSolutionNode = FALSE
	EndGlobalSection
EndGlobal
